
Microsoft Visual Studio Solution File, Format Version 12.00
# Visual Studio Version 17
VisualStudioVersion = 17.0.31919.166
MinimumVisualStudioVersion = 10.0.40219.1
Project("{FAE04EC0-301F-11D3-BF4B-00C04F79EFBC}") = "AbstractFactoryPattern", "AbstractFactoryPattern.csproj", "{C180F5C1-1A1D-458E-88F3-83506AF9929D}"
EndProject
Global
	GlobalSection(SolutionConfigurationPlatforms) = preSolution
		Debug|Any CPU = Debug|Any CPU
		Release|Any CPU = Release|Any CPU
	EndGlobalSection
	GlobalSection(ProjectConfigurationPlatforms) = postSolution
		{C180F5C1-1A1D-458E-88F3-83506AF9929D}.Debug|Any CPU.ActiveCfg = Debug|Any CPU
		{C180F5C1-1A1D-458E-88F3-83506AF9929D}.Debug|Any CPU.Build.0 = Debug|Any CPU
		{C180F5C1-1A1D-458E-88F3-83506AF9929D}.Release|Any CPU.ActiveCfg = Release|Any CPU
		{C180F5C1-1A1D-458E-88F3-83506AF9929D}.Release|Any CPU.Build.0 = Release|Any CPU
	EndGlobalSection
	GlobalSection(SolutionProperties) = preSolution
		HideSolutionNode = FALSE
	EndGlobalSection
	GlobalSection(ExtensibilityGlobals) = postSolution
		SolutionGuid = {36ED1A68-9256-42E7-9918-DAAB44B0150A}
	EndGlobalSection
EndGlobal
